{
  "originHash" : "1aee4a01204283932653cae1e749cb0777b34d307333c5f9b94f324a5e0cdd10",
  "pins" : [
    {
      "identity" : "factory",
      "kind" : "remoteSourceControl",
      "location" : "https://github.com/hmlongco/Factory",
      "state" : {
        "revision" : "ccc898f21992ebc130bc04cc197460a5ae230bcf",
        "version" : "2.5.3"
      }
    },
    {
      "identity" : "purchases-ios-spm",
      "kind" : "remoteSourceControl",
      "location" : "https://github.com/RevenueCat/purchases-ios-spm.git",
      "state" : {
        "revision" : "3ea11388df5b0ff6a4d5c38e8e523670de549af8",
        "version" : "5.41.0"
      }
    },
    {
      "identity" : "swiftsdk",
      "kind" : "remoteSourceControl",
      "location" : "https://github.com/TelemetryDeck/SwiftSDK",
      "state" : {
        "revision" : "a7fd1eb469589a3c8fd8cc3abe19b092b5d674dc",
        "version" : "2.9.4"
      }
    }
  ],
  "version" : 3
}
