{
  "originHash" : "533de208f7207fdd36b99a2f0036707fca012c23defe0e4e99a820106aff336d",
  "pins" : [
    {
      "identity" : "purchases-ios-spm",
      "kind" : "remoteSourceControl",
      "location" : "https://github.com/RevenueCat/purchases-ios-spm.git",
      "state" : {
        "revision" : "3ea11388df5b0ff6a4d5c38e8e523670de549af8",
        "version" : "5.41.0"
      }
    }
  ],
  "version" : 3
}
