// !$*UTF8*$!
{
	archiveVersion = 1;
	classes = {
	};
	objectVersion = 50;
	objects = {

/* Begin PBXBuildFile section */
		370B4CB620EC8C1E009EC6A5 /* PreviousTableViewController.swift in Sources */ = {isa = PBXBuildFile; fileRef = 370B4CB520EC8C1E009EC6A5 /* PreviousTableViewController.swift */; };
		370B4CB820EEED0C009EC6A5 /* Calc.swift in Sources */ = {isa = PBXBuildFile; fileRef = 370B4CB720EEED0C009EC6A5 /* Calc.swift */; };
		370B4CBA20EF088A009EC6A5 /* Calculations.swift in Sources */ = {isa = PBXBuildFile; fileRef = 370B4CB920EF088A009EC6A5 /* Calculations.swift */; };
		370B4CBC20F0FE3A009EC6A5 /* AboutViewController.swift in Sources */ = {isa = PBXBuildFile; fileRef = 370B4CBB20F0FE3A009EC6A5 /* AboutViewController.swift */; };
		3754307B20D2A98D00EF6326 /* AppDelegate.swift in Sources */ = {isa = PBXBuildFile; fileRef = 3754307A20D2A98D00EF6326 /* AppDelegate.swift */; };
		3754307D20D2A98D00EF6326 /* ViewController.swift in Sources */ = {isa = PBXBuildFile; fileRef = 3754307C20D2A98D00EF6326 /* ViewController.swift */; };
		3754308220D2A98E00EF6326 /* Assets.xcassets in Resources */ = {isa = PBXBuildFile; fileRef = 3754308120D2A98E00EF6326 /* Assets.xcassets */; };
		3754308520D2A98E00EF6326 /* LaunchScreen.storyboard in Resources */ = {isa = PBXBuildFile; fileRef = 3754308320D2A98E00EF6326 /* LaunchScreen.storyboard */; };
		37881A9922242130006EC1D8 /* Main.storyboard in Resources */ = {isa = PBXBuildFile; fileRef = 3754307E20D2A98D00EF6326 /* Main.storyboard */; };
		37A1D1CF21139E0500793CAE /* StoreKit.framework in Frameworks */ = {isa = PBXBuildFile; fileRef = 37A1D1CE21139E0500793CAE /* StoreKit.framework */; };
		37A1D1D321148F2F00793CAE /* IAPHelper.swift in Sources */ = {isa = PBXBuildFile; fileRef = 37A1D1D221148F2F00793CAE /* IAPHelper.swift */; };
		37A1D1D621148F7900793CAE /* ArtnetAppProducts.swift in Sources */ = {isa = PBXBuildFile; fileRef = 37A1D1D521148F7900793CAE /* ArtnetAppProducts.swift */; };
		37B13FF222124CF30097C371 /* Calculation.xcdatamodeld in Sources */ = {isa = PBXBuildFile; fileRef = 37B13FF022124CF30097C371 /* Calculation.xcdatamodeld */; };
		37B14003221255530097C371 /* Calculations.swift in Sources */ = {isa = PBXBuildFile; fileRef = 370B4CB920EF088A009EC6A5 /* Calculations.swift */; };
		37B2E0B92117E7D200B6B118 /* ProductCell.swift in Sources */ = {isa = PBXBuildFile; fileRef = 37B2E0B82117E7D200B6B118 /* ProductCell.swift */; };
		37E62DC322172314009C9C3C /* artnet_appTests.swift in Sources */ = {isa = PBXBuildFile; fileRef = 37B13FFB2212552F0097C371 /* artnet_appTests.swift */; };
/* End PBXBuildFile section */

/* Begin PBXContainerItemProxy section */
		37B13FFE2212552F0097C371 /* PBXContainerItemProxy */ = {
			isa = PBXContainerItemProxy;
			containerPortal = 3754306F20D2A98D00EF6326 /* Project object */;
			proxyType = 1;
			remoteGlobalIDString = 3754307620D2A98D00EF6326;
			remoteInfo = "artnet-app";
		};
/* End PBXContainerItemProxy section */

/* Begin PBXFileReference section */
		370B4CB520EC8C1E009EC6A5 /* PreviousTableViewController.swift */ = {isa = PBXFileReference; lastKnownFileType = sourcecode.swift; path = PreviousTableViewController.swift; sourceTree = "<group>"; };
		370B4CB720EEED0C009EC6A5 /* Calc.swift */ = {isa = PBXFileReference; lastKnownFileType = sourcecode.swift; path = Calc.swift; sourceTree = "<group>"; };
		370B4CB920EF088A009EC6A5 /* Calculations.swift */ = {isa = PBXFileReference; lastKnownFileType = sourcecode.swift; path = Calculations.swift; sourceTree = "<group>"; };
		370B4CBB20F0FE3A009EC6A5 /* AboutViewController.swift */ = {isa = PBXFileReference; lastKnownFileType = sourcecode.swift; path = AboutViewController.swift; sourceTree = "<group>"; };
		3754307720D2A98D00EF6326 /* artnet-app.app */ = {isa = PBXFileReference; explicitFileType = wrapper.application; includeInIndex = 0; path = "artnet-app.app"; sourceTree = BUILT_PRODUCTS_DIR; };
		3754307A20D2A98D00EF6326 /* AppDelegate.swift */ = {isa = PBXFileReference; lastKnownFileType = sourcecode.swift; path = AppDelegate.swift; sourceTree = "<group>"; };
		3754307C20D2A98D00EF6326 /* ViewController.swift */ = {isa = PBXFileReference; lastKnownFileType = sourcecode.swift; path = ViewController.swift; sourceTree = "<group>"; };
		3754307F20D2A98D00EF6326 /* Base */ = {isa = PBXFileReference; lastKnownFileType = file.storyboard; name = Base; path = Base.lproj/Main.storyboard; sourceTree = "<group>"; };
		3754308120D2A98E00EF6326 /* Assets.xcassets */ = {isa = PBXFileReference; lastKnownFileType = folder.assetcatalog; path = Assets.xcassets; sourceTree = "<group>"; };
		3754308420D2A98E00EF6326 /* Base */ = {isa = PBXFileReference; lastKnownFileType = file.storyboard; name = Base; path = Base.lproj/LaunchScreen.storyboard; sourceTree = "<group>"; };
		3754308620D2A98E00EF6326 /* Info.plist */ = {isa = PBXFileReference; lastKnownFileType = text.plist.xml; path = Info.plist; sourceTree = "<group>"; };
		37A1D1CE21139E0500793CAE /* StoreKit.framework */ = {isa = PBXFileReference; lastKnownFileType = wrapper.framework; name = StoreKit.framework; path = System/Library/Frameworks/StoreKit.framework; sourceTree = SDKROOT; };
		37A1D1D221148F2F00793CAE /* IAPHelper.swift */ = {isa = PBXFileReference; lastKnownFileType = sourcecode.swift; path = IAPHelper.swift; sourceTree = "<group>"; };
		37A1D1D521148F7900793CAE /* ArtnetAppProducts.swift */ = {isa = PBXFileReference; lastKnownFileType = sourcecode.swift; path = ArtnetAppProducts.swift; sourceTree = "<group>"; };
		37B13FF122124CF30097C371 /* Calculation.xcdatamodel */ = {isa = PBXFileReference; lastKnownFileType = wrapper.xcdatamodel; path = Calculation.xcdatamodel; sourceTree = "<group>"; };
		37B13FF42212536D0097C371 /* calculation.playground */ = {isa = PBXFileReference; lastKnownFileType = file.playground; path = calculation.playground; sourceTree = "<group>"; xcLanguageSpecificationIdentifier = xcode.lang.swift; };
		37B13FF92212552F0097C371 /* artnet-appTests.xctest */ = {isa = PBXFileReference; explicitFileType = wrapper.cfbundle; includeInIndex = 0; path = "artnet-appTests.xctest"; sourceTree = BUILT_PRODUCTS_DIR; };
		37B13FFB2212552F0097C371 /* artnet_appTests.swift */ = {isa = PBXFileReference; lastKnownFileType = sourcecode.swift; path = artnet_appTests.swift; sourceTree = "<group>"; };
		37B13FFD2212552F0097C371 /* Info.plist */ = {isa = PBXFileReference; lastKnownFileType = text.plist.xml; path = Info.plist; sourceTree = "<group>"; };
		37B2E0B82117E7D200B6B118 /* ProductCell.swift */ = {isa = PBXFileReference; lastKnownFileType = sourcecode.swift; path = ProductCell.swift; sourceTree = "<group>"; };
/* End PBXFileReference section */

/* Begin PBXFrameworksBuildPhase section */
		3754307420D2A98D00EF6326 /* Frameworks */ = {
			isa = PBXFrameworksBuildPhase;
			buildActionMask = 2147483647;
			files = (
				37A1D1CF21139E0500793CAE /* StoreKit.framework in Frameworks */,
			);
			runOnlyForDeploymentPostprocessing = 0;
		};
		37B13FF62212552F0097C371 /* Frameworks */ = {
			isa = PBXFrameworksBuildPhase;
			buildActionMask = 2147483647;
			files = (
			);
			runOnlyForDeploymentPostprocessing = 0;
		};
/* End PBXFrameworksBuildPhase section */

/* Begin PBXGroup section */
		3722230A21122D7100C6B7D9 /* Calculation */ = {
			isa = PBXGroup;
			children = (
				370B4CB720EEED0C009EC6A5 /* Calc.swift */,
				370B4CB920EF088A009EC6A5 /* Calculations.swift */,
				37B13FF022124CF30097C371 /* Calculation.xcdatamodeld */,
			);
			path = Calculation;
			sourceTree = "<group>";
		};
		3722230B21122DA600C6B7D9 /* Views */ = {
			isa = PBXGroup;
			children = (
				3754307C20D2A98D00EF6326 /* ViewController.swift */,
				370B4CB520EC8C1E009EC6A5 /* PreviousTableViewController.swift */,
				370B4CBB20F0FE3A009EC6A5 /* AboutViewController.swift */,
				37B2E0B82117E7D200B6B118 /* ProductCell.swift */,
			);
			path = Views;
			sourceTree = "<group>";
		};
		3754306E20D2A98D00EF6326 = {
			isa = PBXGroup;
			children = (
				3754307920D2A98D00EF6326 /* artnet-app */,
				37B13FFA2212552F0097C371 /* artnet-appTests */,
				3754307820D2A98D00EF6326 /* Products */,
				37EAD23220D43C5F0017DA82 /* Frameworks */,
			);
			sourceTree = "<group>";
		};
		3754307820D2A98D00EF6326 /* Products */ = {
			isa = PBXGroup;
			children = (
				3754307720D2A98D00EF6326 /* artnet-app.app */,
				37B13FF92212552F0097C371 /* artnet-appTests.xctest */,
			);
			name = Products;
			sourceTree = "<group>";
		};
		3754307920D2A98D00EF6326 /* artnet-app */ = {
			isa = PBXGroup;
			children = (
				37B13FF3221253570097C371 /* playgrounds */,
				37A1D1D421148F6300793CAE /* in-app-purchases */,
				3722230B21122DA600C6B7D9 /* Views */,
				3722230A21122D7100C6B7D9 /* Calculation */,
				3754307A20D2A98D00EF6326 /* AppDelegate.swift */,
				3754307E20D2A98D00EF6326 /* Main.storyboard */,
				3754308120D2A98E00EF6326 /* Assets.xcassets */,
				3754308620D2A98E00EF6326 /* Info.plist */,
				3754308320D2A98E00EF6326 /* LaunchScreen.storyboard */,
			);
			path = "artnet-app";
			sourceTree = "<group>";
		};
		37A1D1D421148F6300793CAE /* in-app-purchases */ = {
			isa = PBXGroup;
			children = (
				37A1D1D221148F2F00793CAE /* IAPHelper.swift */,
				37A1D1D521148F7900793CAE /* ArtnetAppProducts.swift */,
			);
			path = "in-app-purchases";
			sourceTree = "<group>";
		};
		37B13FF3221253570097C371 /* playgrounds */ = {
			isa = PBXGroup;
			children = (
				37B13FF42212536D0097C371 /* calculation.playground */,
			);
			path = playgrounds;
			sourceTree = "<group>";
		};
		37B13FFA2212552F0097C371 /* artnet-appTests */ = {
			isa = PBXGroup;
			children = (
				37B13FFB2212552F0097C371 /* artnet_appTests.swift */,
				37B13FFD2212552F0097C371 /* Info.plist */,
			);
			path = "artnet-appTests";
			sourceTree = "<group>";
		};
		37EAD23220D43C5F0017DA82 /* Frameworks */ = {
			isa = PBXGroup;
			children = (
				37A1D1CE21139E0500793CAE /* StoreKit.framework */,
			);
			name = Frameworks;
			sourceTree = "<group>";
		};
/* End PBXGroup section */

/* Begin PBXNativeTarget section */
		3754307620D2A98D00EF6326 /* artnet-app */ = {
			isa = PBXNativeTarget;
			buildConfigurationList = 3754308920D2A98E00EF6326 /* Build configuration list for PBXNativeTarget "artnet-app" */;
			buildPhases = (
				3754307320D2A98D00EF6326 /* Sources */,
				3754307420D2A98D00EF6326 /* Frameworks */,
				3754307520D2A98D00EF6326 /* Resources */,
			);
			buildRules = (
			);
			dependencies = (
			);
			name = "artnet-app";
			productName = "artnet-app";
			productReference = 3754307720D2A98D00EF6326 /* artnet-app.app */;
			productType = "com.apple.product-type.application";
		};
		37B13FF82212552F0097C371 /* artnet-appTests */ = {
			isa = PBXNativeTarget;
			buildConfigurationList = 37B140002212552F0097C371 /* Build configuration list for PBXNativeTarget "artnet-appTests" */;
			buildPhases = (
				37B13FF52212552F0097C371 /* Sources */,
				37B13FF62212552F0097C371 /* Frameworks */,
				37B13FF72212552F0097C371 /* Resources */,
			);
			buildRules = (
			);
			dependencies = (
				37B13FFF2212552F0097C371 /* PBXTargetDependency */,
			);
			name = "artnet-appTests";
			productName = "artnet-appTests";
			productReference = 37B13FF92212552F0097C371 /* artnet-appTests.xctest */;
			productType = "com.apple.product-type.bundle.unit-test";
		};
/* End PBXNativeTarget section */

/* Begin PBXProject section */
		3754306F20D2A98D00EF6326 /* Project object */ = {
			isa = PBXProject;
			attributes = {
				LastSwiftUpdateCheck = 1010;
				LastUpgradeCheck = 0940;
				ORGANIZATIONNAME = MW;
				TargetAttributes = {
					3754307620D2A98D00EF6326 = {
						CreatedOnToolsVersion = 9.4;
						LastSwiftMigration = 1000;
						SystemCapabilities = {
							com.apple.GameCenter.iOS = {
								enabled = 0;
							};
							com.apple.InAppPurchase = {
								enabled = 1;
							};
						};
					};
					37B13FF82212552F0097C371 = {
						CreatedOnToolsVersion = 10.1;
						TestTargetID = 3754307620D2A98D00EF6326;
					};
				};
			};
			buildConfigurationList = 3754307220D2A98D00EF6326 /* Build configuration list for PBXProject "artnet-app" */;
			compatibilityVersion = "Xcode 9.3";
			developmentRegion = en;
			hasScannedForEncodings = 0;
			knownRegions = (
				en,
				Base,
			);
			mainGroup = 3754306E20D2A98D00EF6326;
			productRefGroup = 3754307820D2A98D00EF6326 /* Products */;
			projectDirPath = "";
			projectRoot = "";
			targets = (
				3754307620D2A98D00EF6326 /* artnet-app */,
				37B13FF82212552F0097C371 /* artnet-appTests */,
			);
		};
/* End PBXProject section */

/* Begin PBXResourcesBuildPhase section */
		3754307520D2A98D00EF6326 /* Resources */ = {
			isa = PBXResourcesBuildPhase;
			buildActionMask = 2147483647;
			files = (
				37881A9922242130006EC1D8 /* Main.storyboard in Resources */,
				3754308520D2A98E00EF6326 /* LaunchScreen.storyboard in Resources */,
				3754308220D2A98E00EF6326 /* Assets.xcassets in Resources */,
			);
			runOnlyForDeploymentPostprocessing = 0;
		};
		37B13FF72212552F0097C371 /* Resources */ = {
			isa = PBXResourcesBuildPhase;
			buildActionMask = 2147483647;
			files = (
			);
			runOnlyForDeploymentPostprocessing = 0;
		};
/* End PBXResourcesBuildPhase section */

/* Begin PBXSourcesBuildPhase section */
		3754307320D2A98D00EF6326 /* Sources */ = {
			isa = PBXSourcesBuildPhase;
			buildActionMask = 2147483647;
			files = (
				370B4CBC20F0FE3A009EC6A5 /* AboutViewController.swift in Sources */,
				37A1D1D621148F7900793CAE /* ArtnetAppProducts.swift in Sources */,
				370B4CB620EC8C1E009EC6A5 /* PreviousTableViewController.swift in Sources */,
				370B4CBA20EF088A009EC6A5 /* Calculations.swift in Sources */,
				37A1D1D321148F2F00793CAE /* IAPHelper.swift in Sources */,
				3754307D20D2A98D00EF6326 /* ViewController.swift in Sources */,
				37B2E0B92117E7D200B6B118 /* ProductCell.swift in Sources */,
				37B13FF222124CF30097C371 /* Calculation.xcdatamodeld in Sources */,
				3754307B20D2A98D00EF6326 /* AppDelegate.swift in Sources */,
				370B4CB820EEED0C009EC6A5 /* Calc.swift in Sources */,
			);
			runOnlyForDeploymentPostprocessing = 0;
		};
		37B13FF52212552F0097C371 /* Sources */ = {
			isa = PBXSourcesBuildPhase;
			buildActionMask = 2147483647;
			files = (
				37B14003221255530097C371 /* Calculations.swift in Sources */,
				37E62DC322172314009C9C3C /* artnet_appTests.swift in Sources */,
			);
			runOnlyForDeploymentPostprocessing = 0;
		};
/* End PBXSourcesBuildPhase section */

/* Begin PBXTargetDependency section */
		37B13FFF2212552F0097C371 /* PBXTargetDependency */ = {
			isa = PBXTargetDependency;
			target = 3754307620D2A98D00EF6326 /* artnet-app */;
			targetProxy = 37B13FFE2212552F0097C371 /* PBXContainerItemProxy */;
		};
/* End PBXTargetDependency section */

/* Begin PBXVariantGroup section */
		3754307E20D2A98D00EF6326 /* Main.storyboard */ = {
			isa = PBXVariantGroup;
			children = (
				3754307F20D2A98D00EF6326 /* Base */,
			);
			name = Main.storyboard;
			sourceTree = "<group>";
		};
		3754308320D2A98E00EF6326 /* LaunchScreen.storyboard */ = {
			isa = PBXVariantGroup;
			children = (
				3754308420D2A98E00EF6326 /* Base */,
			);
			name = LaunchScreen.storyboard;
			sourceTree = "<group>";
		};
/* End PBXVariantGroup section */

/* Begin XCBuildConfiguration section */
		3754308720D2A98E00EF6326 /* Debug */ = {
			isa = XCBuildConfiguration;
			buildSettings = {
				ALWAYS_SEARCH_USER_PATHS = NO;
				CLANG_ANALYZER_NONNULL = YES;
				CLANG_ANALYZER_NUMBER_OBJECT_CONVERSION = YES_AGGRESSIVE;
				CLANG_CXX_LANGUAGE_STANDARD = "gnu++14";
				CLANG_CXX_LIBRARY = "libc++";
				CLANG_ENABLE_MODULES = YES;
				CLANG_ENABLE_OBJC_ARC = YES;
				CLANG_ENABLE_OBJC_WEAK = YES;
				CLANG_WARN_BLOCK_CAPTURE_AUTORELEASING = YES;
				CLANG_WARN_BOOL_CONVERSION = YES;
				CLANG_WARN_COMMA = YES;
				CLANG_WARN_CONSTANT_CONVERSION = YES;
				CLANG_WARN_DEPRECATED_OBJC_IMPLEMENTATIONS = YES;
				CLANG_WARN_DIRECT_OBJC_ISA_USAGE = YES_ERROR;
				CLANG_WARN_DOCUMENTATION_COMMENTS = YES;
				CLANG_WARN_EMPTY_BODY = YES;
				CLANG_WARN_ENUM_CONVERSION = YES;
				CLANG_WARN_INFINITE_RECURSION = YES;
				CLANG_WARN_INT_CONVERSION = YES;
				CLANG_WARN_NON_LITERAL_NULL_CONVERSION = YES;
				CLANG_WARN_OBJC_IMPLICIT_RETAIN_SELF = YES;
				CLANG_WARN_OBJC_LITERAL_CONVERSION = YES;
				CLANG_WARN_OBJC_ROOT_CLASS = YES_ERROR;
				CLANG_WARN_RANGE_LOOP_ANALYSIS = YES;
				CLANG_WARN_STRICT_PROTOTYPES = YES;
				CLANG_WARN_SUSPICIOUS_MOVE = YES;
				CLANG_WARN_UNGUARDED_AVAILABILITY = YES_AGGRESSIVE;
				CLANG_WARN_UNREACHABLE_CODE = YES;
				CLANG_WARN__DUPLICATE_METHOD_MATCH = YES;
				CODE_SIGN_IDENTITY = "iPhone Developer";
				COPY_PHASE_STRIP = NO;
				DEBUG_INFORMATION_FORMAT = dwarf;
				ENABLE_STRICT_OBJC_MSGSEND = YES;
				ENABLE_TESTABILITY = YES;
				GCC_C_LANGUAGE_STANDARD = gnu11;
				GCC_DYNAMIC_NO_PIC = NO;
				GCC_NO_COMMON_BLOCKS = YES;
				GCC_OPTIMIZATION_LEVEL = 0;
				GCC_PREPROCESSOR_DEFINITIONS = (
					"DEBUG=1",
					"$(inherited)",
				);
				GCC_WARN_64_TO_32_BIT_CONVERSION = YES;
				GCC_WARN_ABOUT_RETURN_TYPE = YES_ERROR;
				GCC_WARN_UNDECLARED_SELECTOR = YES;
				GCC_WARN_UNINITIALIZED_AUTOS = YES_AGGRESSIVE;
				GCC_WARN_UNUSED_FUNCTION = YES;
				GCC_WARN_UNUSED_VARIABLE = YES;
				IPHONEOS_DEPLOYMENT_TARGET = 11.4;
				MTL_ENABLE_DEBUG_INFO = YES;
				ONLY_ACTIVE_ARCH = YES;
				SDKROOT = iphoneos;
				SWIFT_ACTIVE_COMPILATION_CONDITIONS = DEBUG;
				SWIFT_OPTIMIZATION_LEVEL = "-Onone";
			};
			name = Debug;
		};
		3754308820D2A98E00EF6326 /* Release */ = {
			isa = XCBuildConfiguration;
			buildSettings = {
				ALWAYS_SEARCH_USER_PATHS = NO;
				CLANG_ANALYZER_NONNULL = YES;
				CLANG_ANALYZER_NUMBER_OBJECT_CONVERSION = YES_AGGRESSIVE;
				CLANG_CXX_LANGUAGE_STANDARD = "gnu++14";
				CLANG_CXX_LIBRARY = "libc++";
				CLANG_ENABLE_MODULES = YES;
				CLANG_ENABLE_OBJC_ARC = YES;
				CLANG_ENABLE_OBJC_WEAK = YES;
				CLANG_WARN_BLOCK_CAPTURE_AUTORELEASING = YES;
				CLANG_WARN_BOOL_CONVERSION = YES;
				CLANG_WARN_COMMA = YES;
				CLANG_WARN_CONSTANT_CONVERSION = YES;
				CLANG_WARN_DEPRECATED_OBJC_IMPLEMENTATIONS = YES;
				CLANG_WARN_DIRECT_OBJC_ISA_USAGE = YES_ERROR;
				CLANG_WARN_DOCUMENTATION_COMMENTS = YES;
				CLANG_WARN_EMPTY_BODY = YES;
				CLANG_WARN_ENUM_CONVERSION = YES;
				CLANG_WARN_INFINITE_RECURSION = YES;
				CLANG_WARN_INT_CONVERSION = YES;
				CLANG_WARN_NON_LITERAL_NULL_CONVERSION = YES;
				CLANG_WARN_OBJC_IMPLICIT_RETAIN_SELF = YES;
				CLANG_WARN_OBJC_LITERAL_CONVERSION = YES;
				CLANG_WARN_OBJC_ROOT_CLASS = YES_ERROR;
				CLANG_WARN_RANGE_LOOP_ANALYSIS = YES;
				CLANG_WARN_STRICT_PROTOTYPES = YES;
				CLANG_WARN_SUSPICIOUS_MOVE = YES;
				CLANG_WARN_UNGUARDED_AVAILABILITY = YES_AGGRESSIVE;
				CLANG_WARN_UNREACHABLE_CODE = YES;
				CLANG_WARN__DUPLICATE_METHOD_MATCH = YES;
				CODE_SIGN_IDENTITY = "iPhone Developer";
				COPY_PHASE_STRIP = NO;
				DEBUG_INFORMATION_FORMAT = "dwarf-with-dsym";
				ENABLE_NS_ASSERTIONS = NO;
				ENABLE_STRICT_OBJC_MSGSEND = YES;
				GCC_C_LANGUAGE_STANDARD = gnu11;
				GCC_NO_COMMON_BLOCKS = YES;
				GCC_WARN_64_TO_32_BIT_CONVERSION = YES;
				GCC_WARN_ABOUT_RETURN_TYPE = YES_ERROR;
				GCC_WARN_UNDECLARED_SELECTOR = YES;
				GCC_WARN_UNINITIALIZED_AUTOS = YES_AGGRESSIVE;
				GCC_WARN_UNUSED_FUNCTION = YES;
				GCC_WARN_UNUSED_VARIABLE = YES;
				IPHONEOS_DEPLOYMENT_TARGET = 11.4;
				MTL_ENABLE_DEBUG_INFO = NO;
				SDKROOT = iphoneos;
				SWIFT_COMPILATION_MODE = wholemodule;
				SWIFT_OPTIMIZATION_LEVEL = "-O";
				VALIDATE_PRODUCT = YES;
			};
			name = Release;
		};
		3754308A20D2A98E00EF6326 /* Debug */ = {
			isa = XCBuildConfiguration;
			buildSettings = {
				ASSETCATALOG_COMPILER_APPICON_NAME = AppIcon;
				CODE_SIGN_STYLE = Automatic;
				DEVELOPMENT_TEAM = ZDK82FGR3Z;
				INFOPLIST_FILE = "artnet-app/Info.plist";
				LD_RUNPATH_SEARCH_PATHS = (
					"$(inherited)",
					"@executable_path/Frameworks",
				);
				PRODUCT_BUNDLE_IDENTIFIER = "maeganwilson.artnet-app";
				PRODUCT_NAME = "$(TARGET_NAME)";
				SWIFT_VERSION = 4.0;
				TARGETED_DEVICE_FAMILY = "1,2";
			};
			name = Debug;
		};
		3754308B20D2A98E00EF6326 /* Release */ = {
			isa = XCBuildConfiguration;
			buildSettings = {
				ASSETCATALOG_COMPILER_APPICON_NAME = AppIcon;
				CODE_SIGN_STYLE = Automatic;
				DEVELOPMENT_TEAM = ZDK82FGR3Z;
				INFOPLIST_FILE = "artnet-app/Info.plist";
				LD_RUNPATH_SEARCH_PATHS = (
					"$(inherited)",
					"@executable_path/Frameworks",
				);
				PRODUCT_BUNDLE_IDENTIFIER = "maeganwilson.artnet-app";
				PRODUCT_NAME = "$(TARGET_NAME)";
				SWIFT_VERSION = 4.0;
				TARGETED_DEVICE_FAMILY = "1,2";
			};
			name = Release;
		};
		37B140012212552F0097C371 /* Debug */ = {
			isa = XCBuildConfiguration;
			buildSettings = {
				BUNDLE_LOADER = "$(TEST_HOST)";
				CODE_SIGN_STYLE = Automatic;
				DEVELOPMENT_TEAM = ZDK82FGR3Z;
				INFOPLIST_FILE = "artnet-appTests/Info.plist";
				IPHONEOS_DEPLOYMENT_TARGET = 12.1;
				LD_RUNPATH_SEARCH_PATHS = (
					"$(inherited)",
					"@executable_path/Frameworks",
					"@loader_path/Frameworks",
				);
				MTL_ENABLE_DEBUG_INFO = INCLUDE_SOURCE;
				MTL_FAST_MATH = YES;
				PRODUCT_BUNDLE_IDENTIFIER = "maeganwilson.artnet-appTests";
				PRODUCT_NAME = "$(TARGET_NAME)";
				SWIFT_VERSION = 4.2;
				TARGETED_DEVICE_FAMILY = "1,2";
				TEST_HOST = "$(BUILT_PRODUCTS_DIR)/artnet-app.app/artnet-app";
			};
			name = Debug;
		};
		37B140022212552F0097C371 /* Release */ = {
			isa = XCBuildConfiguration;
			buildSettings = {
				BUNDLE_LOADER = "$(TEST_HOST)";
				CODE_SIGN_STYLE = Automatic;
				DEVELOPMENT_TEAM = ZDK82FGR3Z;
				INFOPLIST_FILE = "artnet-appTests/Info.plist";
				IPHONEOS_DEPLOYMENT_TARGET = 12.1;
				LD_RUNPATH_SEARCH_PATHS = (
					"$(inherited)",
					"@executable_path/Frameworks",
					"@loader_path/Frameworks",
				);
				MTL_FAST_MATH = YES;
				PRODUCT_BUNDLE_IDENTIFIER = "maeganwilson.artnet-appTests";
				PRODUCT_NAME = "$(TARGET_NAME)";
				SWIFT_VERSION = 4.2;
				TARGETED_DEVICE_FAMILY = "1,2";
				TEST_HOST = "$(BUILT_PRODUCTS_DIR)/artnet-app.app/artnet-app";
			};
			name = Release;
		};
/* End XCBuildConfiguration section */

/* Begin XCConfigurationList section */
		3754307220D2A98D00EF6326 /* Build configuration list for PBXProject "artnet-app" */ = {
			isa = XCConfigurationList;
			buildConfigurations = (
				3754308720D2A98E00EF6326 /* Debug */,
				3754308820D2A98E00EF6326 /* Release */,
			);
			defaultConfigurationIsVisible = 0;
			defaultConfigurationName = Release;
		};
		3754308920D2A98E00EF6326 /* Build configuration list for PBXNativeTarget "artnet-app" */ = {
			isa = XCConfigurationList;
			buildConfigurations = (
				3754308A20D2A98E00EF6326 /* Debug */,
				3754308B20D2A98E00EF6326 /* Release */,
			);
			defaultConfigurationIsVisible = 0;
			defaultConfigurationName = Release;
		};
		37B140002212552F0097C371 /* Build configuration list for PBXNativeTarget "artnet-appTests" */ = {
			isa = XCConfigurationList;
			buildConfigurations = (
				37B140012212552F0097C371 /* Debug */,
				37B140022212552F0097C371 /* Release */,
			);
			defaultConfigurationIsVisible = 0;
			defaultConfigurationName = Release;
		};
/* End XCConfigurationList section */

/* Begin XCVersionGroup section */
		37B13FF022124CF30097C371 /* Calculation.xcdatamodeld */ = {
			isa = XCVersionGroup;
			children = (
				37B13FF122124CF30097C371 /* Calculation.xcdatamodel */,
			);
			currentVersion = 37B13FF122124CF30097C371 /* Calculation.xcdatamodel */;
			path = Calculation.xcdatamodeld;
			sourceTree = "<group>";
			versionGroupType = wrapper.xcdatamodel;
		};
/* End XCVersionGroup section */
	};
	rootObject = 3754306F20D2A98D00EF6326 /* Project object */;
}
