// !$*UTF8*$!
{
	archiveVersion = 1;
	classes = {
	};
	objectVersion = 90;
	objects = {

/* Begin PBXBuildFile section */
		3744638E23287337009833E5 /* StoreKit.framework in Frameworks */ = {isa = PBXBuildFile; fileRef = 3744638D23287337009833E5 /* StoreKit.framework */; };
		697CA0772E99DBF500B29B45 /* Factory in Frameworks */ = {isa = PBXBuildFile; productRef = 697CA0762E99DBF500B29B45 /* Factory */; };
		697CA07A2E99DC2700B29B45 /* TelemetryDeck in Frameworks */ = {isa = PBXBuildFile; productRef = 697CA0792E99DC2700B29B45 /* TelemetryDeck */; };
		698726FE2E92C58800E6F0DE /* RevenueCat in Frameworks */ = {isa = PBXBuildFile; productRef = 698726FD2E92C58800E6F0DE /* RevenueCat */; };
		698727002E92C58800E6F0DE /* RevenueCatUI in Frameworks */ = {isa = PBXBuildFile; productRef = 698726FF2E92C58800E6F0DE /* RevenueCatUI */; };
/* End PBXBuildFile section */

/* Begin PBXFileReference section */
		3744638D23287337009833E5 /* StoreKit.framework */ = {isa = PBXFileReference; lastKnownFileType = wrapper.framework; name = StoreKit.framework; path = System/Library/Frameworks/StoreKit.framework; sourceTree = SDKROOT; };
		37CC93C823188E62009A60D5 /* Universe Convert.app */ = {isa = PBXFileReference; explicitFileType = wrapper.application; includeInIndex = 0; path = "Universe Convert.app"; sourceTree = BUILT_PRODUCTS_DIR; };
/* End PBXFileReference section */

/* Begin PBXFileSystemSynchronizedBuildFileExceptionSet section */
		69C6DAF82E91FC6E00CD90B5 /* Exceptions for "uni-converter" folder in "uni-converter" target */ = {
			isa = PBXFileSystemSynchronizedBuildFileExceptionSet;
			membershipExceptions = (
				Info.plist,
			);
			target = 37CC93C723188E62009A60D5 /* uni-converter */;
		};
/* End PBXFileSystemSynchronizedBuildFileExceptionSet section */

/* Begin PBXFileSystemSynchronizedRootGroup section */
		69C6DAD62E91FC6E00CD90B5 /* uni-converter */ = {
			isa = PBXFileSystemSynchronizedRootGroup;
			exceptions = (
				69C6DAF82E91FC6E00CD90B5 /* Exceptions for "uni-converter" folder in "uni-converter" target */,
			);
			path = "uni-converter";
			sourceTree = "<group>";
		};
/* End PBXFileSystemSynchronizedRootGroup section */

/* Begin PBXFrameworksBuildPhase section */
		37CC93C523188E62009A60D5 /* Frameworks */ = {
			isa = PBXFrameworksBuildPhase;
			files = (
				698726FE2E92C58800E6F0DE /* RevenueCat in Frameworks */,
				3744638E23287337009833E5 /* StoreKit.framework in Frameworks */,
				698727002E92C58800E6F0DE /* RevenueCatUI in Frameworks */,
				697CA07A2E99DC2700B29B45 /* TelemetryDeck in Frameworks */,
				697CA0772E99DBF500B29B45 /* Factory in Frameworks */,
			);
		};
/* End PBXFrameworksBuildPhase section */

/* Begin PBXGroup section */
		3744638C23287337009833E5 /* Frameworks */ = {
			isa = PBXGroup;
			children = (
				3744638D23287337009833E5 /* StoreKit.framework */,
			);
			name = Frameworks;
			sourceTree = "<group>";
		};
		37CC93BF23188E62009A60D5 = {
			isa = PBXGroup;
			children = (
				69C6DAD62E91FC6E00CD90B5 /* uni-converter */,
				37CC93C923188E62009A60D5 /* Products */,
				3744638C23287337009833E5 /* Frameworks */,
			);
			sourceTree = "<group>";
		};
		37CC93C923188E62009A60D5 /* Products */ = {
			isa = PBXGroup;
			children = (
				37CC93C823188E62009A60D5 /* Universe Convert.app */,
			);
			name = Products;
			sourceTree = "<group>";
		};
/* End PBXGroup section */

/* Begin PBXNativeTarget section */
		37CC93C723188E62009A60D5 /* uni-converter */ = {
			isa = PBXNativeTarget;
			buildConfigurationList = 37CC93DF23188E67009A60D5 /* Build configuration list for PBXNativeTarget "uni-converter" */;
			buildPhases = (
				37CC93C423188E62009A60D5 /* Sources */,
				37CC93C523188E62009A60D5 /* Frameworks */,
				37CC93C623188E62009A60D5 /* Resources */,
			);
			buildRules = (
			);
			fileSystemSynchronizedGroups = (
				69C6DAD62E91FC6E00CD90B5 /* uni-converter */,
			);
			name = "uni-converter";
			packageProductDependencies = (
				698726FD2E92C58800E6F0DE /* RevenueCat */,
				698726FF2E92C58800E6F0DE /* RevenueCatUI */,
				697CA0762E99DBF500B29B45 /* Factory */,
				697CA0792E99DC2700B29B45 /* TelemetryDeck */,
			);
			productName = "uni-converter";
			productReference = 37CC93C823188E62009A60D5 /* Universe Convert.app */;
			productType = "com.apple.product-type.application";
		};
/* End PBXNativeTarget section */

/* Begin PBXProject section */
		37CC93C023188E62009A60D5 /* Project object */ = {
			isa = PBXProject;
			attributes = {
				LastSwiftUpdateCheck = 1140;
				LastUpgradeCheck = 1200;
				ORGANIZATIONNAME = "CCT Plus LLC";
				TargetAttributes = {
					37CC93C723188E62009A60D5 = {
						CreatedOnToolsVersion = 11.0;
					};
				};
			};
			buildConfigurationList = 37CC93C323188E62009A60D5 /* Build configuration list for PBXProject "uni-converter" */;
			developmentRegion = en;
			hasScannedForEncodings = 0;
			knownRegions = (
				en,
				Base,
			);
			mainGroup = 37CC93BF23188E62009A60D5;
			packageReferences = (
				698726FC2E92C58800E6F0DE /* XCRemoteSwiftPackageReference "purchases-ios-spm" */,
				697CA0752E99DBF500B29B45 /* XCRemoteSwiftPackageReference "Factory" */,
				697CA0782E99DC2700B29B45 /* XCRemoteSwiftPackageReference "SwiftSDK" */,
			);
			preferredProjectObjectVersion = 90;
			productRefGroup = 37CC93C923188E62009A60D5 /* Products */;
			projectDirPath = "";
			projectRoot = "";
			targets = (
				37CC93C723188E62009A60D5 /* uni-converter */,
			);
		};
/* End PBXProject section */

/* Begin PBXResourcesBuildPhase section */
		37CC93C623188E62009A60D5 /* Resources */ = {
			isa = PBXResourcesBuildPhase;
			files = (
			);
		};
/* End PBXResourcesBuildPhase section */

/* Begin PBXSourcesBuildPhase section */
		37CC93C423188E62009A60D5 /* Sources */ = {
			isa = PBXSourcesBuildPhase;
			files = (
			);
		};
/* End PBXSourcesBuildPhase section */

/* Begin XCBuildConfiguration section */
		37CC93DD23188E67009A60D5 /* Debug configuration for PBXProject "uni-converter" */ = {
			isa = XCBuildConfiguration;
			buildSettings = {
				ALWAYS_SEARCH_USER_PATHS = NO;
				CLANG_ANALYZER_NONNULL = YES;
				CLANG_ANALYZER_NUMBER_OBJECT_CONVERSION = YES_AGGRESSIVE;
				CLANG_CXX_LANGUAGE_STANDARD = "gnu++14";
				CLANG_CXX_LIBRARY = "libc++";
				CLANG_ENABLE_MODULES = YES;
				CLANG_ENABLE_OBJC_ARC = YES;
				CLANG_ENABLE_OBJC_WEAK = YES;
				CLANG_WARN_BLOCK_CAPTURE_AUTORELEASING = YES;
				CLANG_WARN_BOOL_CONVERSION = YES;
				CLANG_WARN_COMMA = YES;
				CLANG_WARN_CONSTANT_CONVERSION = YES;
				CLANG_WARN_DEPRECATED_OBJC_IMPLEMENTATIONS = YES;
				CLANG_WARN_DIRECT_OBJC_ISA_USAGE = YES_ERROR;
				CLANG_WARN_DOCUMENTATION_COMMENTS = YES;
				CLANG_WARN_EMPTY_BODY = YES;
				CLANG_WARN_ENUM_CONVERSION = YES;
				CLANG_WARN_INFINITE_RECURSION = YES;
				CLANG_WARN_INT_CONVERSION = YES;
				CLANG_WARN_NON_LITERAL_NULL_CONVERSION = YES;
				CLANG_WARN_OBJC_IMPLICIT_RETAIN_SELF = YES;
				CLANG_WARN_OBJC_LITERAL_CONVERSION = YES;
				CLANG_WARN_OBJC_ROOT_CLASS = YES_ERROR;
				CLANG_WARN_QUOTED_INCLUDE_IN_FRAMEWORK_HEADER = YES;
				CLANG_WARN_RANGE_LOOP_ANALYSIS = YES;
				CLANG_WARN_STRICT_PROTOTYPES = YES;
				CLANG_WARN_SUSPICIOUS_MOVE = YES;
				CLANG_WARN_UNGUARDED_AVAILABILITY = YES_AGGRESSIVE;
				CLANG_WARN_UNREACHABLE_CODE = YES;
				CLANG_WARN__DUPLICATE_METHOD_MATCH = YES;
				COPY_PHASE_STRIP = NO;
				DEBUG_INFORMATION_FORMAT = dwarf;
				ENABLE_STRICT_OBJC_MSGSEND = YES;
				ENABLE_TESTABILITY = YES;
				GCC_C_LANGUAGE_STANDARD = gnu11;
				GCC_DYNAMIC_NO_PIC = NO;
				GCC_NO_COMMON_BLOCKS = YES;
				GCC_OPTIMIZATION_LEVEL = 0;
				GCC_PREPROCESSOR_DEFINITIONS = (
					"DEBUG=1",
					"$(inherited)",
				);
				GCC_WARN_64_TO_32_BIT_CONVERSION = YES;
				GCC_WARN_ABOUT_RETURN_TYPE = YES_ERROR;
				GCC_WARN_UNDECLARED_SELECTOR = YES;
				GCC_WARN_UNINITIALIZED_AUTOS = YES_AGGRESSIVE;
				GCC_WARN_UNUSED_FUNCTION = YES;
				GCC_WARN_UNUSED_VARIABLE = YES;
				IPHONEOS_DEPLOYMENT_TARGET = 13.0;
				MTL_ENABLE_DEBUG_INFO = INCLUDE_SOURCE;
				MTL_FAST_MATH = YES;
				ONLY_ACTIVE_ARCH = YES;
				SDKROOT = iphoneos;
				SWIFT_ACTIVE_COMPILATION_CONDITIONS = DEBUG;
				SWIFT_OPTIMIZATION_LEVEL = "-Onone";
			};
			name = Debug;
		};
		37CC93DE23188E67009A60D5 /* Release configuration for PBXProject "uni-converter" */ = {
			isa = XCBuildConfiguration;
			buildSettings = {
				ALWAYS_SEARCH_USER_PATHS = NO;
				CLANG_ANALYZER_NONNULL = YES;
				CLANG_ANALYZER_NUMBER_OBJECT_CONVERSION = YES_AGGRESSIVE;
				CLANG_CXX_LANGUAGE_STANDARD = "gnu++14";
				CLANG_CXX_LIBRARY = "libc++";
				CLANG_ENABLE_MODULES = YES;
				CLANG_ENABLE_OBJC_ARC = YES;
				CLANG_ENABLE_OBJC_WEAK = YES;
				CLANG_WARN_BLOCK_CAPTURE_AUTORELEASING = YES;
				CLANG_WARN_BOOL_CONVERSION = YES;
				CLANG_WARN_COMMA = YES;
				CLANG_WARN_CONSTANT_CONVERSION = YES;
				CLANG_WARN_DEPRECATED_OBJC_IMPLEMENTATIONS = YES;
				CLANG_WARN_DIRECT_OBJC_ISA_USAGE = YES_ERROR;
				CLANG_WARN_DOCUMENTATION_COMMENTS = YES;
				CLANG_WARN_EMPTY_BODY = YES;
				CLANG_WARN_ENUM_CONVERSION = YES;
				CLANG_WARN_INFINITE_RECURSION = YES;
				CLANG_WARN_INT_CONVERSION = YES;
				CLANG_WARN_NON_LITERAL_NULL_CONVERSION = YES;
				CLANG_WARN_OBJC_IMPLICIT_RETAIN_SELF = YES;
				CLANG_WARN_OBJC_LITERAL_CONVERSION = YES;
				CLANG_WARN_OBJC_ROOT_CLASS = YES_ERROR;
				CLANG_WARN_QUOTED_INCLUDE_IN_FRAMEWORK_HEADER = YES;
				CLANG_WARN_RANGE_LOOP_ANALYSIS = YES;
				CLANG_WARN_STRICT_PROTOTYPES = YES;
				CLANG_WARN_SUSPICIOUS_MOVE = YES;
				CLANG_WARN_UNGUARDED_AVAILABILITY = YES_AGGRESSIVE;
				CLANG_WARN_UNREACHABLE_CODE = YES;
				CLANG_WARN__DUPLICATE_METHOD_MATCH = YES;
				COPY_PHASE_STRIP = NO;
				DEBUG_INFORMATION_FORMAT = "dwarf-with-dsym";
				ENABLE_NS_ASSERTIONS = NO;
				ENABLE_STRICT_OBJC_MSGSEND = YES;
				GCC_C_LANGUAGE_STANDARD = gnu11;
				GCC_NO_COMMON_BLOCKS = YES;
				GCC_WARN_64_TO_32_BIT_CONVERSION = YES;
				GCC_WARN_ABOUT_RETURN_TYPE = YES_ERROR;
				GCC_WARN_UNDECLARED_SELECTOR = YES;
				GCC_WARN_UNINITIALIZED_AUTOS = YES_AGGRESSIVE;
				GCC_WARN_UNUSED_FUNCTION = YES;
				GCC_WARN_UNUSED_VARIABLE = YES;
				IPHONEOS_DEPLOYMENT_TARGET = 13.0;
				MTL_ENABLE_DEBUG_INFO = NO;
				MTL_FAST_MATH = YES;
				SDKROOT = iphoneos;
				SWIFT_COMPILATION_MODE = wholemodule;
				SWIFT_OPTIMIZATION_LEVEL = "-O";
				VALIDATE_PRODUCT = YES;
			};
			name = Release;
		};
		37CC93E023188E67009A60D5 /* Debug configuration for PBXNativeTarget "uni-converter" */ = {
			isa = XCBuildConfiguration;
			buildSettings = {
				ASSETCATALOG_COMPILER_APPICON_NAME = AppIcon;
				CODE_SIGN_STYLE = Automatic;
				CURRENT_PROJECT_VERSION = 490;
				DEVELOPMENT_ASSET_PATHS = "\"uni-converter/Preview Content\"";
				DEVELOPMENT_TEAM = ZDK82FGR3Z;
				ENABLE_PREVIEWS = YES;
				INFOPLIST_FILE = "uni-converter/Info.plist";
				IPHONEOS_DEPLOYMENT_TARGET = 18.4;
				LD_RUNPATH_SEARCH_PATHS = (
					"$(inherited)",
					"@executable_path/Frameworks",
				);
				MARKETING_VERSION = 2025.1;
				PRODUCT_BUNDLE_IDENTIFIER = "maeganwilson.artnet-app";
				PRODUCT_NAME = "Universe Convert";
				SWIFT_VERSION = 5.0;
				TARGETED_DEVICE_FAMILY = "1,2";
			};
			name = Debug;
		};
		37CC93E123188E67009A60D5 /* Release configuration for PBXNativeTarget "uni-converter" */ = {
			isa = XCBuildConfiguration;
			buildSettings = {
				ASSETCATALOG_COMPILER_APPICON_NAME = AppIcon;
				CODE_SIGN_STYLE = Automatic;
				CURRENT_PROJECT_VERSION = 490;
				DEVELOPMENT_ASSET_PATHS = "\"uni-converter/Preview Content\"";
				DEVELOPMENT_TEAM = ZDK82FGR3Z;
				ENABLE_PREVIEWS = YES;
				INFOPLIST_FILE = "uni-converter/Info.plist";
				IPHONEOS_DEPLOYMENT_TARGET = 18.4;
				LD_RUNPATH_SEARCH_PATHS = (
					"$(inherited)",
					"@executable_path/Frameworks",
				);
				MARKETING_VERSION = 2025.1;
				PRODUCT_BUNDLE_IDENTIFIER = "maeganwilson.artnet-app";
				PRODUCT_NAME = "Universe Convert";
				SWIFT_VERSION = 5.0;
				TARGETED_DEVICE_FAMILY = "1,2";
			};
			name = Release;
		};
/* End XCBuildConfiguration section */

/* Begin XCConfigurationList section */
		37CC93C323188E62009A60D5 /* Build configuration list for PBXProject "uni-converter" */ = {
			isa = XCConfigurationList;
			buildConfigurations = (
				37CC93DD23188E67009A60D5 /* Debug configuration for PBXProject "uni-converter" */,
				37CC93DE23188E67009A60D5 /* Release configuration for PBXProject "uni-converter" */,
			);
			defaultConfigurationName = Release;
		};
		37CC93DF23188E67009A60D5 /* Build configuration list for PBXNativeTarget "uni-converter" */ = {
			isa = XCConfigurationList;
			buildConfigurations = (
				37CC93E023188E67009A60D5 /* Debug configuration for PBXNativeTarget "uni-converter" */,
				37CC93E123188E67009A60D5 /* Release configuration for PBXNativeTarget "uni-converter" */,
			);
			defaultConfigurationName = Release;
		};
/* End XCConfigurationList section */

/* Begin XCRemoteSwiftPackageReference section */
		697CA0752E99DBF500B29B45 /* XCRemoteSwiftPackageReference "Factory" */ = {
			isa = XCRemoteSwiftPackageReference;
			repositoryURL = "https://github.com/hmlongco/Factory";
			requirement = {
				kind = upToNextMajorVersion;
				minimumVersion = 2.5.3;
			};
		};
		697CA0782E99DC2700B29B45 /* XCRemoteSwiftPackageReference "SwiftSDK" */ = {
			isa = XCRemoteSwiftPackageReference;
			repositoryURL = "https://github.com/TelemetryDeck/SwiftSDK";
			requirement = {
				kind = upToNextMajorVersion;
				minimumVersion = 2.9.4;
			};
		};
		698726FC2E92C58800E6F0DE /* XCRemoteSwiftPackageReference "purchases-ios-spm" */ = {
			isa = XCRemoteSwiftPackageReference;
			repositoryURL = "https://github.com/RevenueCat/purchases-ios-spm.git";
			requirement = {
				kind = upToNextMajorVersion;
				minimumVersion = 5.41.0;
			};
		};
/* End XCRemoteSwiftPackageReference section */

/* Begin XCSwiftPackageProductDependency section */
		697CA0762E99DBF500B29B45 /* Factory */ = {
			isa = XCSwiftPackageProductDependency;
			package = 697CA0752E99DBF500B29B45 /* XCRemoteSwiftPackageReference "Factory" */;
			productName = Factory;
		};
		697CA0792E99DC2700B29B45 /* TelemetryDeck */ = {
			isa = XCSwiftPackageProductDependency;
			package = 697CA0782E99DC2700B29B45 /* XCRemoteSwiftPackageReference "SwiftSDK" */;
			productName = TelemetryDeck;
		};
		698726FD2E92C58800E6F0DE /* RevenueCat */ = {
			isa = XCSwiftPackageProductDependency;
			package = 698726FC2E92C58800E6F0DE /* XCRemoteSwiftPackageReference "purchases-ios-spm" */;
			productName = RevenueCat;
		};
		698726FF2E92C58800E6F0DE /* RevenueCatUI */ = {
			isa = XCSwiftPackageProductDependency;
			package = 698726FC2E92C58800E6F0DE /* XCRemoteSwiftPackageReference "purchases-ios-spm" */;
			productName = RevenueCatUI;
		};
/* End XCSwiftPackageProductDependency section */
	};
	rootObject = 37CC93C023188E62009A60D5 /* Project object */;
}
